
Microsoft Visual Studio Solution File, Format Version 12.00
# Visual Studio Version 17
VisualStudioVersion = 17.1.32210.238
MinimumVisualStudioVersion = 10.0.40219.1
Project("{FAE04EC0-301F-11D3-BF4B-00C04F79EFBC}") = "WORK_GROUP_3", "WORK_GROUP_3\WORK_GROUP_3.csproj", "{50A48A40-FC9E-47AE-8523-F3C2DE91F0BB}"
EndProject
Global
	GlobalSection(SolutionConfigurationPlatforms) = preSolution
		Debug|Any CPU = Debug|Any CPU
		Release|Any CPU = Release|Any CPU
	EndGlobalSection
	GlobalSection(ProjectConfigurationPlatforms) = postSolution
		{50A48A40-FC9E-47AE-8523-F3C2DE91F0BB}.Debug|Any CPU.ActiveCfg = Debug|Any CPU
		{50A48A40-FC9E-47AE-8523-F3C2DE91F0BB}.Debug|Any CPU.Build.0 = Debug|Any CPU
		{50A48A40-FC9E-47AE-8523-F3C2DE91F0BB}.Release|Any CPU.ActiveCfg = Release|Any CPU
		{50A48A40-FC9E-47AE-8523-F3C2DE91F0BB}.Release|Any CPU.Build.0 = Release|Any CPU
	EndGlobalSection
	GlobalSection(SolutionProperties) = preSolution
		HideSolutionNode = FALSE
	EndGlobalSection
	GlobalSection(ExtensibilityGlobals) = postSolution
		SolutionGuid = {D816005A-22BA-4C7E-B3AD-61C7CCB74B4C}
	EndGlobalSection
EndGlobal
