
Microsoft Visual Studio Solution File, Format Version 12.00
# Visual Studio Version 17
VisualStudioVersion = 17.1.32210.238
MinimumVisualStudioVersion = 10.0.40219.1
Project("{FAE04EC0-301F-11D3-BF4B-00C04F79EFBC}") = "WORK_GROUP_5", "WORK_GROUP_5\WORK_GROUP_5.csproj", "{B72B2722-E5E3-49D0-BECC-A3564C4E7381}"
EndProject
Global
	GlobalSection(SolutionConfigurationPlatforms) = preSolution
		Debug|Any CPU = Debug|Any CPU
		Release|Any CPU = Release|Any CPU
	EndGlobalSection
	GlobalSection(ProjectConfigurationPlatforms) = postSolution
		{B72B2722-E5E3-49D0-BECC-A3564C4E7381}.Debug|Any CPU.ActiveCfg = Debug|Any CPU
		{B72B2722-E5E3-49D0-BECC-A3564C4E7381}.Debug|Any CPU.Build.0 = Debug|Any CPU
		{B72B2722-E5E3-49D0-BECC-A3564C4E7381}.Release|Any CPU.ActiveCfg = Release|Any CPU
		{B72B2722-E5E3-49D0-BECC-A3564C4E7381}.Release|Any CPU.Build.0 = Release|Any CPU
	EndGlobalSection
	GlobalSection(SolutionProperties) = preSolution
		HideSolutionNode = FALSE
	EndGlobalSection
	GlobalSection(ExtensibilityGlobals) = postSolution
		SolutionGuid = {84E313FF-C4B5-488E-9887-C5A6E485F391}
	EndGlobalSection
EndGlobal
